
Microsoft Visual Studio Solution File, Format Version 12.00
# Visual Studio Version 16
VisualStudioVersion = 16.0.30626.31
MinimumVisualStudioVersion = 10.0.40219.1
Project("{8BC9CEB8-8B4A-11D0-8D11-00A0C91BC942}") = "Day01", "Day01\Day01.vcxproj", "{A9B67D39-6716-469D-AB79-11774F1C2AC9}"
EndProject
Project("{8BC9CEB8-8B4A-11D0-8D11-00A0C91BC942}") = "Day02", "Day02\Day02.vcxproj", "{19088CB8-501D-4E25-918B-082F6A2D9C35}"
EndProject
Project("{8BC9CEB8-8B4A-11D0-8D11-00A0C91BC942}") = "Day03", "Day03\Day03.vcxproj", "{9671F97D-F27A-4995-96DB-657325211EE6}"
EndProject
Project("{8BC9CEB8-8B4A-11D0-8D11-00A0C91BC942}") = "Day04", "Day04\Day04.vcxproj", "{1DB2425A-05E0-4C0F-AAC2-A3E30C0F9550}"
EndProject
Project("{8BC9CEB8-8B4A-11D0-8D11-00A0C91BC942}") = "Day05", "Day05\Day05.vcxproj", "{1F0AD684-3349-4E40-BAE7-9956BD360D31}"
EndProject
Project("{8BC9CEB8-8B4A-11D0-8D11-00A0C91BC942}") = "Day06", "Day06\Day06.vcxproj", "{2D409F48-5769-44D8-929E-82A943715F19}"
EndProject
Project("{8BC9CEB8-8B4A-11D0-8D11-00A0C91BC942}") = "Day07", "Day07\Day07.vcxproj", "{90EEF2C5-81D1-4586-A01D-EE1ABA20EA7F}"
EndProject
Project("{8BC9CEB8-8B4A-11D0-8D11-00A0C91BC942}") = "Day08", "Day08\Day08.vcxproj", "{C8AE312D-190B-447D-832E-3FFAD9A980B2}"
EndProject
Project("{8BC9CEB8-8B4A-11D0-8D11-00A0C91BC942}") = "Day09", "Day09\Day09.vcxproj", "{6671AE68-CFE7-4213-AB63-7814D66963BE}"
EndProject
Project("{8BC9CEB8-8B4A-11D0-8D11-00A0C91BC942}") = "Day10", "Day10\Day10.vcxproj", "{76DF2B18-4579-4395-A257-5D3B791129A9}"
EndProject
Project("{8BC9CEB8-8B4A-11D0-8D11-00A0C91BC942}") = "Day11", "Day11\Day11.vcxproj", "{591A4B80-0954-4945-AE71-73455C8C3E69}"
EndProject
Project("{8BC9CEB8-8B4A-11D0-8D11-00A0C91BC942}") = "Day12", "Day12\Day12.vcxproj", "{F6FD0A7A-3933-4E2D-BB3E-4AE5FB93850E}"
EndProject
Project("{8BC9CEB8-8B4A-11D0-8D11-00A0C91BC942}") = "Day13", "Day13\Day13.vcxproj", "{45E26E01-0B07-4C2E-A456-F26B4FD20E82}"
EndProject
Project("{8BC9CEB8-8B4A-11D0-8D11-00A0C91BC942}") = "Day14", "Day14\Day14.vcxproj", "{7906F477-60EE-4851-B755-E8AA614674F3}"
EndProject
Project("{8BC9CEB8-8B4A-11D0-8D11-00A0C91BC942}") = "Day15", "Day15\Day15.vcxproj", "{0FF86B06-1B68-41E2-8BB7-93FD1BF9528A}"
EndProject
Project("{8BC9CEB8-8B4A-11D0-8D11-00A0C91BC942}") = "Day16", "Day16\Day16.vcxproj", "{1B4C15F2-1B21-4D64-A500-CA6CCD23F2E6}"
EndProject
Project("{8BC9CEB8-8B4A-11D0-8D11-00A0C91BC942}") = "Day17", "Day17\Day17.vcxproj", "{B032203A-54DC-4E4C-A73F-ABC71EE65B02}"
EndProject
Project("{8BC9CEB8-8B4A-11D0-8D11-00A0C91BC942}") = "Day18", "Day18\Day18.vcxproj", "{2A8C23CA-D065-44FC-A989-CE44F60FF813}"
EndProject
Project("{8BC9CEB8-8B4A-11D0-8D11-00A0C91BC942}") = "Day19", "Day19\Day19.vcxproj", "{C11A9358-F280-4F34-96AA-E4637818F39F}"
EndProject
Project("{8BC9CEB8-8B4A-11D0-8D11-00A0C91BC942}") = "Day20", "Day20\Day20.vcxproj", "{9170F9AE-81A7-4C3F-8E62-F1A4E0EB93CB}"
EndProject
Project("{8BC9CEB8-8B4A-11D0-8D11-00A0C91BC942}") = "Day21", "Day21\Day21.vcxproj", "{B000B65E-2AE7-47AF-9722-BCA5C3A7B850}"
EndProject
Project("{8BC9CEB8-8B4A-11D0-8D11-00A0C91BC942}") = "Day22", "Day22\Day22.vcxproj", "{E3371B26-D2F3-400C-B9E3-22E02BE03863}"
EndProject
Project("{8BC9CEB8-8B4A-11D0-8D11-00A0C91BC942}") = "Day23", "Day23\Day23.vcxproj", "{8B340BC8-713E-4A23-9C21-89CECEF0C21A}"
EndProject
Project("{8BC9CEB8-8B4A-11D0-8D11-00A0C91BC942}") = "Day24", "Day24\Day24.vcxproj", "{FDA98179-7A52-40CE-9CED-640622A8705C}"
EndProject
Project("{8BC9CEB8-8B4A-11D0-8D11-00A0C91BC942}") = "Day25", "Day25\Day25.vcxproj", "{0DB79CDC-4B9C-4B56-A98C-EFB5004441D9}"
EndProject
Global
	GlobalSection(SolutionConfigurationPlatforms) = preSolution
		Debug|x64 = Debug|x64
		Debug|x86 = Debug|x86
		Release|x64 = Release|x64
		Release|x86 = Release|x86
	EndGlobalSection
	GlobalSection(ProjectConfigurationPlatforms) = postSolution
		{A9B67D39-6716-469D-AB79-11774F1C2AC9}.Debug|x64.ActiveCfg = Debug|x64
		{A9B67D39-6716-469D-AB79-11774F1C2AC9}.Debug|x64.Build.0 = Debug|x64
		{A9B67D39-6716-469D-AB79-11774F1C2AC9}.Debug|x86.ActiveCfg = Debug|Win32
		{A9B67D39-6716-469D-AB79-11774F1C2AC9}.Debug|x86.Build.0 = Debug|Win32
		{A9B67D39-6716-469D-AB79-11774F1C2AC9}.Release|x64.ActiveCfg = Release|x64
		{A9B67D39-6716-469D-AB79-11774F1C2AC9}.Release|x64.Build.0 = Release|x64
		{A9B67D39-6716-469D-AB79-11774F1C2AC9}.Release|x86.ActiveCfg = Release|Win32
		{A9B67D39-6716-469D-AB79-11774F1C2AC9}.Release|x86.Build.0 = Release|Win32
		{19088CB8-501D-4E25-918B-082F6A2D9C35}.Debug|x64.ActiveCfg = Debug|x64
		{19088CB8-501D-4E25-918B-082F6A2D9C35}.Debug|x64.Build.0 = Debug|x64
		{19088CB8-501D-4E25-918B-082F6A2D9C35}.Debug|x86.ActiveCfg = Debug|Win32
		{19088CB8-501D-4E25-918B-082F6A2D9C35}.Debug|x86.Build.0 = Debug|Win32
		{19088CB8-501D-4E25-918B-082F6A2D9C35}.Release|x64.ActiveCfg = Release|x64
		{19088CB8-501D-4E25-918B-082F6A2D9C35}.Release|x64.Build.0 = Release|x64
		{19088CB8-501D-4E25-918B-082F6A2D9C35}.Release|x86.ActiveCfg = Release|Win32
		{19088CB8-501D-4E25-918B-082F6A2D9C35}.Release|x86.Build.0 = Release|Win32
		{9671F97D-F27A-4995-96DB-657325211EE6}.Debug|x64.ActiveCfg = Debug|x64
		{9671F97D-F27A-4995-96DB-657325211EE6}.Debug|x64.Build.0 = Debug|x64
		{9671F97D-F27A-4995-96DB-657325211EE6}.Debug|x86.ActiveCfg = Debug|Win32
		{9671F97D-F27A-4995-96DB-657325211EE6}.Debug|x86.Build.0 = Debug|Win32
		{9671F97D-F27A-4995-96DB-657325211EE6}.Release|x64.ActiveCfg = Release|x64
		{9671F97D-F27A-4995-96DB-657325211EE6}.Release|x64.Build.0 = Release|x64
		{9671F97D-F27A-4995-96DB-657325211EE6}.Release|x86.ActiveCfg = Release|Win32
		{9671F97D-F27A-4995-96DB-657325211EE6}.Release|x86.Build.0 = Release|Win32
		{1DB2425A-05E0-4C0F-AAC2-A3E30C0F9550}.Debug|x64.ActiveCfg = Debug|x64
		{1DB2425A-05E0-4C0F-AAC2-A3E30C0F9550}.Debug|x64.Build.0 = Debug|x64
		{1DB2425A-05E0-4C0F-AAC2-A3E30C0F9550}.Debug|x86.ActiveCfg = Debug|Win32
		{1DB2425A-05E0-4C0F-AAC2-A3E30C0F9550}.Debug|x86.Build.0 = Debug|Win32
		{1DB2425A-05E0-4C0F-AAC2-A3E30C0F9550}.Release|x64.ActiveCfg = Release|x64
		{1DB2425A-05E0-4C0F-AAC2-A3E30C0F9550}.Release|x64.Build.0 = Release|x64
		{1DB2425A-05E0-4C0F-AAC2-A3E30C0F9550}.Release|x86.ActiveCfg = Release|Win32
		{1DB2425A-05E0-4C0F-AAC2-A3E30C0F9550}.Release|x86.Build.0 = Release|Win32
		{1F0AD684-3349-4E40-BAE7-9956BD360D31}.Debug|x64.ActiveCfg = Debug|x64
		{1F0AD684-3349-4E40-BAE7-9956BD360D31}.Debug|x64.Build.0 = Debug|x64
		{1F0AD684-3349-4E40-BAE7-9956BD360D31}.Debug|x86.ActiveCfg = Debug|Win32
		{1F0AD684-3349-4E40-BAE7-9956BD360D31}.Debug|x86.Build.0 = Debug|Win32
		{1F0AD684-3349-4E40-BAE7-9956BD360D31}.Release|x64.ActiveCfg = Release|x64
		{1F0AD684-3349-4E40-BAE7-9956BD360D31}.Release|x64.Build.0 = Release|x64
		{1F0AD684-3349-4E40-BAE7-9956BD360D31}.Release|x86.ActiveCfg = Release|Win32
		{1F0AD684-3349-4E40-BAE7-9956BD360D31}.Release|x86.Build.0 = Release|Win32
		{2D409F48-5769-44D8-929E-82A943715F19}.Debug|x64.ActiveCfg = Debug|x64
		{2D409F48-5769-44D8-929E-82A943715F19}.Debug|x64.Build.0 = Debug|x64
		{2D409F48-5769-44D8-929E-82A943715F19}.Debug|x86.ActiveCfg = Debug|Win32
		{2D409F48-5769-44D8-929E-82A943715F19}.Debug|x86.Build.0 = Debug|Win32
		{2D409F48-5769-44D8-929E-82A943715F19}.Release|x64.ActiveCfg = Release|x64
		{2D409F48-5769-44D8-929E-82A943715F19}.Release|x64.Build.0 = Release|x64
		{2D409F48-5769-44D8-929E-82A943715F19}.Release|x86.ActiveCfg = Release|Win32
		{2D409F48-5769-44D8-929E-82A943715F19}.Release|x86.Build.0 = Release|Win32
		{90EEF2C5-81D1-4586-A01D-EE1ABA20EA7F}.Debug|x64.ActiveCfg = Debug|x64
		{90EEF2C5-81D1-4586-A01D-EE1ABA20EA7F}.Debug|x64.Build.0 = Debug|x64
		{90EEF2C5-81D1-4586-A01D-EE1ABA20EA7F}.Debug|x86.ActiveCfg = Debug|Win32
		{90EEF2C5-81D1-4586-A01D-EE1ABA20EA7F}.Debug|x86.Build.0 = Debug|Win32
		{90EEF2C5-81D1-4586-A01D-EE1ABA20EA7F}.Release|x64.ActiveCfg = Release|x64
		{90EEF2C5-81D1-4586-A01D-EE1ABA20EA7F}.Release|x64.Build.0 = Release|x64
		{90EEF2C5-81D1-4586-A01D-EE1ABA20EA7F}.Release|x86.ActiveCfg = Release|Win32
		{90EEF2C5-81D1-4586-A01D-EE1ABA20EA7F}.Release|x86.Build.0 = Release|Win32
		{C8AE312D-190B-447D-832E-3FFAD9A980B2}.Debug|x64.ActiveCfg = Debug|x64
		{C8AE312D-190B-447D-832E-3FFAD9A980B2}.Debug|x64.Build.0 = Debug|x64
		{C8AE312D-190B-447D-832E-3FFAD9A980B2}.Debug|x86.ActiveCfg = Debug|Win32
		{C8AE312D-190B-447D-832E-3FFAD9A980B2}.Debug|x86.Build.0 = Debug|Win32
		{C8AE312D-190B-447D-832E-3FFAD9A980B2}.Release|x64.ActiveCfg = Release|x64
		{C8AE312D-190B-447D-832E-3FFAD9A980B2}.Release|x64.Build.0 = Release|x64
		{C8AE312D-190B-447D-832E-3FFAD9A980B2}.Release|x86.ActiveCfg = Release|Win32
		{C8AE312D-190B-447D-832E-3FFAD9A980B2}.Release|x86.Build.0 = Release|Win32
		{6671AE68-CFE7-4213-AB63-7814D66963BE}.Debug|x64.ActiveCfg = Debug|x64
		{6671AE68-CFE7-4213-AB63-7814D66963BE}.Debug|x64.Build.0 = Debug|x64
		{6671AE68-CFE7-4213-AB63-7814D66963BE}.Debug|x86.ActiveCfg = Debug|Win32
		{6671AE68-CFE7-4213-AB63-7814D66963BE}.Debug|x86.Build.0 = Debug|Win32
		{6671AE68-CFE7-4213-AB63-7814D66963BE}.Release|x64.ActiveCfg = Release|x64
		{6671AE68-CFE7-4213-AB63-7814D66963BE}.Release|x64.Build.0 = Release|x64
		{6671AE68-CFE7-4213-AB63-7814D66963BE}.Release|x86.ActiveCfg = Release|Win32
		{6671AE68-CFE7-4213-AB63-7814D66963BE}.Release|x86.Build.0 = Release|Win32
		{76DF2B18-4579-4395-A257-5D3B791129A9}.Debug|x64.ActiveCfg = Debug|x64
		{76DF2B18-4579-4395-A257-5D3B791129A9}.Debug|x64.Build.0 = Debug|x64
		{76DF2B18-4579-4395-A257-5D3B791129A9}.Debug|x86.ActiveCfg = Debug|Win32
		{76DF2B18-4579-4395-A257-5D3B791129A9}.Debug|x86.Build.0 = Debug|Win32
		{76DF2B18-4579-4395-A257-5D3B791129A9}.Release|x64.ActiveCfg = Release|x64
		{76DF2B18-4579-4395-A257-5D3B791129A9}.Release|x64.Build.0 = Release|x64
		{76DF2B18-4579-4395-A257-5D3B791129A9}.Release|x86.ActiveCfg = Release|Win32
		{76DF2B18-4579-4395-A257-5D3B791129A9}.Release|x86.Build.0 = Release|Win32
		{591A4B80-0954-4945-AE71-73455C8C3E69}.Debug|x64.ActiveCfg = Debug|x64
		{591A4B80-0954-4945-AE71-73455C8C3E69}.Debug|x64.Build.0 = Debug|x64
		{591A4B80-0954-4945-AE71-73455C8C3E69}.Debug|x86.ActiveCfg = Debug|Win32
		{591A4B80-0954-4945-AE71-73455C8C3E69}.Debug|x86.Build.0 = Debug|Win32
		{591A4B80-0954-4945-AE71-73455C8C3E69}.Release|x64.ActiveCfg = Release|x64
		{591A4B80-0954-4945-AE71-73455C8C3E69}.Release|x64.Build.0 = Release|x64
		{591A4B80-0954-4945-AE71-73455C8C3E69}.Release|x86.ActiveCfg = Release|Win32
		{591A4B80-0954-4945-AE71-73455C8C3E69}.Release|x86.Build.0 = Release|Win32
		{F6FD0A7A-3933-4E2D-BB3E-4AE5FB93850E}.Debug|x64.ActiveCfg = Debug|x64
		{F6FD0A7A-3933-4E2D-BB3E-4AE5FB93850E}.Debug|x64.Build.0 = Debug|x64
		{F6FD0A7A-3933-4E2D-BB3E-4AE5FB93850E}.Debug|x86.ActiveCfg = Debug|Win32
		{F6FD0A7A-3933-4E2D-BB3E-4AE5FB93850E}.Debug|x86.Build.0 = Debug|Win32
		{F6FD0A7A-3933-4E2D-BB3E-4AE5FB93850E}.Release|x64.ActiveCfg = Release|x64
		{F6FD0A7A-3933-4E2D-BB3E-4AE5FB93850E}.Release|x64.Build.0 = Release|x64
		{F6FD0A7A-3933-4E2D-BB3E-4AE5FB93850E}.Release|x86.ActiveCfg = Release|Win32
		{F6FD0A7A-3933-4E2D-BB3E-4AE5FB93850E}.Release|x86.Build.0 = Release|Win32
		{45E26E01-0B07-4C2E-A456-F26B4FD20E82}.Debug|x64.ActiveCfg = Debug|x64
		{45E26E01-0B07-4C2E-A456-F26B4FD20E82}.Debug|x64.Build.0 = Debug|x64
		{45E26E01-0B07-4C2E-A456-F26B4FD20E82}.Debug|x86.ActiveCfg = Debug|Win32
		{45E26E01-0B07-4C2E-A456-F26B4FD20E82}.Debug|x86.Build.0 = Debug|Win32
		{45E26E01-0B07-4C2E-A456-F26B4FD20E82}.Release|x64.ActiveCfg = Release|x64
		{45E26E01-0B07-4C2E-A456-F26B4FD20E82}.Release|x64.Build.0 = Release|x64
		{45E26E01-0B07-4C2E-A456-F26B4FD20E82}.Release|x86.ActiveCfg = Release|Win32
		{45E26E01-0B07-4C2E-A456-F26B4FD20E82}.Release|x86.Build.0 = Release|Win32
		{7906F477-60EE-4851-B755-E8AA614674F3}.Debug|x64.ActiveCfg = Debug|x64
		{7906F477-60EE-4851-B755-E8AA614674F3}.Debug|x64.Build.0 = Debug|x64
		{7906F477-60EE-4851-B755-E8AA614674F3}.Debug|x86.ActiveCfg = Debug|Win32
		{7906F477-60EE-4851-B755-E8AA614674F3}.Debug|x86.Build.0 = Debug|Win32
		{7906F477-60EE-4851-B755-E8AA614674F3}.Release|x64.ActiveCfg = Release|x64
		{7906F477-60EE-4851-B755-E8AA614674F3}.Release|x64.Build.0 = Release|x64
		{7906F477-60EE-4851-B755-E8AA614674F3}.Release|x86.ActiveCfg = Release|Win32
		{7906F477-60EE-4851-B755-E8AA614674F3}.Release|x86.Build.0 = Release|Win32
		{0FF86B06-1B68-41E2-8BB7-93FD1BF9528A}.Debug|x64.ActiveCfg = Debug|x64
		{0FF86B06-1B68-41E2-8BB7-93FD1BF9528A}.Debug|x64.Build.0 = Debug|x64
		{0FF86B06-1B68-41E2-8BB7-93FD1BF9528A}.Debug|x86.ActiveCfg = Debug|Win32
		{0FF86B06-1B68-41E2-8BB7-93FD1BF9528A}.Debug|x86.Build.0 = Debug|Win32
		{0FF86B06-1B68-41E2-8BB7-93FD1BF9528A}.Release|x64.ActiveCfg = Release|x64
		{0FF86B06-1B68-41E2-8BB7-93FD1BF9528A}.Release|x64.Build.0 = Release|x64
		{0FF86B06-1B68-41E2-8BB7-93FD1BF9528A}.Release|x86.ActiveCfg = Release|Win32
		{0FF86B06-1B68-41E2-8BB7-93FD1BF9528A}.Release|x86.Build.0 = Release|Win32
		{1B4C15F2-1B21-4D64-A500-CA6CCD23F2E6}.Debug|x64.ActiveCfg = Debug|x64
		{1B4C15F2-1B21-4D64-A500-CA6CCD23F2E6}.Debug|x64.Build.0 = Debug|x64
		{1B4C15F2-1B21-4D64-A500-CA6CCD23F2E6}.Debug|x86.ActiveCfg = Debug|Win32
		{1B4C15F2-1B21-4D64-A500-CA6CCD23F2E6}.Debug|x86.Build.0 = Debug|Win32
		{1B4C15F2-1B21-4D64-A500-CA6CCD23F2E6}.Release|x64.ActiveCfg = Release|x64
		{1B4C15F2-1B21-4D64-A500-CA6CCD23F2E6}.Release|x64.Build.0 = Release|x64
		{1B4C15F2-1B21-4D64-A500-CA6CCD23F2E6}.Release|x86.ActiveCfg = Release|Win32
		{1B4C15F2-1B21-4D64-A500-CA6CCD23F2E6}.Release|x86.Build.0 = Release|Win32
		{B032203A-54DC-4E4C-A73F-ABC71EE65B02}.Debug|x64.ActiveCfg = Debug|x64
		{B032203A-54DC-4E4C-A73F-ABC71EE65B02}.Debug|x64.Build.0 = Debug|x64
		{B032203A-54DC-4E4C-A73F-ABC71EE65B02}.Debug|x86.ActiveCfg = Debug|Win32
		{B032203A-54DC-4E4C-A73F-ABC71EE65B02}.Debug|x86.Build.0 = Debug|Win32
		{B032203A-54DC-4E4C-A73F-ABC71EE65B02}.Release|x64.ActiveCfg = Release|x64
		{B032203A-54DC-4E4C-A73F-ABC71EE65B02}.Release|x64.Build.0 = Release|x64
		{B032203A-54DC-4E4C-A73F-ABC71EE65B02}.Release|x86.ActiveCfg = Release|Win32
		{B032203A-54DC-4E4C-A73F-ABC71EE65B02}.Release|x86.Build.0 = Release|Win32
		{2A8C23CA-D065-44FC-A989-CE44F60FF813}.Debug|x64.ActiveCfg = Debug|x64
		{2A8C23CA-D065-44FC-A989-CE44F60FF813}.Debug|x64.Build.0 = Debug|x64
		{2A8C23CA-D065-44FC-A989-CE44F60FF813}.Debug|x86.ActiveCfg = Debug|Win32
		{2A8C23CA-D065-44FC-A989-CE44F60FF813}.Debug|x86.Build.0 = Debug|Win32
		{2A8C23CA-D065-44FC-A989-CE44F60FF813}.Release|x64.ActiveCfg = Release|x64
		{2A8C23CA-D065-44FC-A989-CE44F60FF813}.Release|x64.Build.0 = Release|x64
		{2A8C23CA-D065-44FC-A989-CE44F60FF813}.Release|x86.ActiveCfg = Release|Win32
		{2A8C23CA-D065-44FC-A989-CE44F60FF813}.Release|x86.Build.0 = Release|Win32
		{C11A9358-F280-4F34-96AA-E4637818F39F}.Debug|x64.ActiveCfg = Debug|x64
		{C11A9358-F280-4F34-96AA-E4637818F39F}.Debug|x64.Build.0 = Debug|x64
		{C11A9358-F280-4F34-96AA-E4637818F39F}.Debug|x86.ActiveCfg = Debug|Win32
		{C11A9358-F280-4F34-96AA-E4637818F39F}.Debug|x86.Build.0 = Debug|Win32
		{C11A9358-F280-4F34-96AA-E4637818F39F}.Release|x64.ActiveCfg = Release|x64
		{C11A9358-F280-4F34-96AA-E4637818F39F}.Release|x64.Build.0 = Release|x64
		{C11A9358-F280-4F34-96AA-E4637818F39F}.Release|x86.ActiveCfg = Release|Win32
		{C11A9358-F280-4F34-96AA-E4637818F39F}.Release|x86.Build.0 = Release|Win32
		{9170F9AE-81A7-4C3F-8E62-F1A4E0EB93CB}.Debug|x64.ActiveCfg = Debug|x64
		{9170F9AE-81A7-4C3F-8E62-F1A4E0EB93CB}.Debug|x64.Build.0 = Debug|x64
		{9170F9AE-81A7-4C3F-8E62-F1A4E0EB93CB}.Debug|x86.ActiveCfg = Debug|Win32
		{9170F9AE-81A7-4C3F-8E62-F1A4E0EB93CB}.Debug|x86.Build.0 = Debug|Win32
		{9170F9AE-81A7-4C3F-8E62-F1A4E0EB93CB}.Release|x64.ActiveCfg = Release|x64
		{9170F9AE-81A7-4C3F-8E62-F1A4E0EB93CB}.Release|x64.Build.0 = Release|x64
		{9170F9AE-81A7-4C3F-8E62-F1A4E0EB93CB}.Release|x86.ActiveCfg = Release|Win32
		{9170F9AE-81A7-4C3F-8E62-F1A4E0EB93CB}.Release|x86.Build.0 = Release|Win32
		{B000B65E-2AE7-47AF-9722-BCA5C3A7B850}.Debug|x64.ActiveCfg = Debug|x64
		{B000B65E-2AE7-47AF-9722-BCA5C3A7B850}.Debug|x64.Build.0 = Debug|x64
		{B000B65E-2AE7-47AF-9722-BCA5C3A7B850}.Debug|x86.ActiveCfg = Debug|Win32
		{B000B65E-2AE7-47AF-9722-BCA5C3A7B850}.Debug|x86.Build.0 = Debug|Win32
		{B000B65E-2AE7-47AF-9722-BCA5C3A7B850}.Release|x64.ActiveCfg = Release|x64
		{B000B65E-2AE7-47AF-9722-BCA5C3A7B850}.Release|x64.Build.0 = Release|x64
		{B000B65E-2AE7-47AF-9722-BCA5C3A7B850}.Release|x86.ActiveCfg = Release|Win32
		{B000B65E-2AE7-47AF-9722-BCA5C3A7B850}.Release|x86.Build.0 = Release|Win32
		{E3371B26-D2F3-400C-B9E3-22E02BE03863}.Debug|x64.ActiveCfg = Debug|x64
		{E3371B26-D2F3-400C-B9E3-22E02BE03863}.Debug|x64.Build.0 = Debug|x64
		{E3371B26-D2F3-400C-B9E3-22E02BE03863}.Debug|x86.ActiveCfg = Debug|Win32
		{E3371B26-D2F3-400C-B9E3-22E02BE03863}.Debug|x86.Build.0 = Debug|Win32
		{E3371B26-D2F3-400C-B9E3-22E02BE03863}.Release|x64.ActiveCfg = Release|x64
		{E3371B26-D2F3-400C-B9E3-22E02BE03863}.Release|x64.Build.0 = Release|x64
		{E3371B26-D2F3-400C-B9E3-22E02BE03863}.Release|x86.ActiveCfg = Release|Win32
		{E3371B26-D2F3-400C-B9E3-22E02BE03863}.Release|x86.Build.0 = Release|Win32
		{8B340BC8-713E-4A23-9C21-89CECEF0C21A}.Debug|x64.ActiveCfg = Debug|x64
		{8B340BC8-713E-4A23-9C21-89CECEF0C21A}.Debug|x64.Build.0 = Debug|x64
		{8B340BC8-713E-4A23-9C21-89CECEF0C21A}.Debug|x86.ActiveCfg = Debug|Win32
		{8B340BC8-713E-4A23-9C21-89CECEF0C21A}.Debug|x86.Build.0 = Debug|Win32
		{8B340BC8-713E-4A23-9C21-89CECEF0C21A}.Release|x64.ActiveCfg = Release|x64
		{8B340BC8-713E-4A23-9C21-89CECEF0C21A}.Release|x64.Build.0 = Release|x64
		{8B340BC8-713E-4A23-9C21-89CECEF0C21A}.Release|x86.ActiveCfg = Release|Win32
		{8B340BC8-713E-4A23-9C21-89CECEF0C21A}.Release|x86.Build.0 = Release|Win32
		{FDA98179-7A52-40CE-9CED-640622A8705C}.Debug|x64.ActiveCfg = Debug|x64
		{FDA98179-7A52-40CE-9CED-640622A8705C}.Debug|x64.Build.0 = Debug|x64
		{FDA98179-7A52-40CE-9CED-640622A8705C}.Debug|x86.ActiveCfg = Debug|Win32
		{FDA98179-7A52-40CE-9CED-640622A8705C}.Debug|x86.Build.0 = Debug|Win32
		{FDA98179-7A52-40CE-9CED-640622A8705C}.Release|x64.ActiveCfg = Release|x64
		{FDA98179-7A52-40CE-9CED-640622A8705C}.Release|x64.Build.0 = Release|x64
		{FDA98179-7A52-40CE-9CED-640622A8705C}.Release|x86.ActiveCfg = Release|Win32
		{FDA98179-7A52-40CE-9CED-640622A8705C}.Release|x86.Build.0 = Release|Win32
		{0DB79CDC-4B9C-4B56-A98C-EFB5004441D9}.Debug|x64.ActiveCfg = Debug|x64
		{0DB79CDC-4B9C-4B56-A98C-EFB5004441D9}.Debug|x64.Build.0 = Debug|x64
		{0DB79CDC-4B9C-4B56-A98C-EFB5004441D9}.Debug|x86.ActiveCfg = Debug|Win32
		{0DB79CDC-4B9C-4B56-A98C-EFB5004441D9}.Debug|x86.Build.0 = Debug|Win32
		{0DB79CDC-4B9C-4B56-A98C-EFB5004441D9}.Release|x64.ActiveCfg = Release|x64
		{0DB79CDC-4B9C-4B56-A98C-EFB5004441D9}.Release|x64.Build.0 = Release|x64
		{0DB79CDC-4B9C-4B56-A98C-EFB5004441D9}.Release|x86.ActiveCfg = Release|Win32
		{0DB79CDC-4B9C-4B56-A98C-EFB5004441D9}.Release|x86.Build.0 = Release|Win32
	EndGlobalSection
	GlobalSection(SolutionProperties) = preSolution
		HideSolutionNode = FALSE
	EndGlobalSection
	GlobalSection(ExtensibilityGlobals) = postSolution
		SolutionGuid = {3F70A1B8-0973-466E-9A67-ADB932BBEA45}
	EndGlobalSection
EndGlobal
