
Microsoft Visual Studio Solution File, Format Version 12.00
# Visual Studio Version 16
VisualStudioVersion = 16.0.30626.31
MinimumVisualStudioVersion = 10.0.40219.1
Project("{8BC9CEB8-8B4A-11D0-8D11-00A0C91BC942}") = "Day01", "Day01\Day01.vcxproj", "{A9B67D39-6716-469D-AB79-11774F1C2AC9}"
EndProject
Project("{8BC9CEB8-8B4A-11D0-8D11-00A0C91BC942}") = "Day02", "Day02\Day02.vcxproj", "{19088CB8-501D-4E25-918B-082F6A2D9C35}"
EndProject
Project("{8BC9CEB8-8B4A-11D0-8D11-00A0C91BC942}") = "Day03", "Day03\Day03.vcxproj", "{9671F97D-F27A-4995-96DB-657325211EE6}"
EndProject
Project("{8BC9CEB8-8B4A-11D0-8D11-00A0C91BC942}") = "Day04", "Day04\Day04.vcxproj", "{1DB2425A-05E0-4C0F-AAC2-A3E30C0F9550}"
EndProject
Project("{8BC9CEB8-8B4A-11D0-8D11-00A0C91BC942}") = "Day05", "Day05\Day05.vcxproj", "{1F0AD684-3349-4E40-BAE7-9956BD360D31}"
EndProject
Project("{8BC9CEB8-8B4A-11D0-8D11-00A0C91BC942}") = "Day06", "Day06\Day06.vcxproj", "{2D409F48-5769-44D8-929E-82A943715F19}"
EndProject
Project("{8BC9CEB8-8B4A-11D0-8D11-00A0C91BC942}") = "Day07", "Day07\Day07.vcxproj", "{90EEF2C5-81D1-4586-A01D-EE1ABA20EA7F}"
EndProject
Project("{8BC9CEB8-8B4A-11D0-8D11-00A0C91BC942}") = "Day08", "Day08\Day08.vcxproj", "{C8AE312D-190B-447D-832E-3FFAD9A980B2}"
EndProject
Project("{8BC9CEB8-8B4A-11D0-8D11-00A0C91BC942}") = "Day09", "Day09\Day09.vcxproj", "{6671AE68-CFE7-4213-AB63-7814D66963BE}"
EndProject
Global
	GlobalSection(SolutionConfigurationPlatforms) = preSolution
		Debug|x64 = Debug|x64
		Debug|x86 = Debug|x86
		Release|x64 = Release|x64
		Release|x86 = Release|x86
	EndGlobalSection
	GlobalSection(ProjectConfigurationPlatforms) = postSolution
		{A9B67D39-6716-469D-AB79-11774F1C2AC9}.Debug|x64.ActiveCfg = Debug|x64
		{A9B67D39-6716-469D-AB79-11774F1C2AC9}.Debug|x64.Build.0 = Debug|x64
		{A9B67D39-6716-469D-AB79-11774F1C2AC9}.Debug|x86.ActiveCfg = Debug|Win32
		{A9B67D39-6716-469D-AB79-11774F1C2AC9}.Debug|x86.Build.0 = Debug|Win32
		{A9B67D39-6716-469D-AB79-11774F1C2AC9}.Release|x64.ActiveCfg = Release|x64
		{A9B67D39-6716-469D-AB79-11774F1C2AC9}.Release|x64.Build.0 = Release|x64
		{A9B67D39-6716-469D-AB79-11774F1C2AC9}.Release|x86.ActiveCfg = Release|Win32
		{A9B67D39-6716-469D-AB79-11774F1C2AC9}.Release|x86.Build.0 = Release|Win32
		{19088CB8-501D-4E25-918B-082F6A2D9C35}.Debug|x64.ActiveCfg = Debug|x64
		{19088CB8-501D-4E25-918B-082F6A2D9C35}.Debug|x64.Build.0 = Debug|x64
		{19088CB8-501D-4E25-918B-082F6A2D9C35}.Debug|x86.ActiveCfg = Debug|Win32
		{19088CB8-501D-4E25-918B-082F6A2D9C35}.Debug|x86.Build.0 = Debug|Win32
		{19088CB8-501D-4E25-918B-082F6A2D9C35}.Release|x64.ActiveCfg = Release|x64
		{19088CB8-501D-4E25-918B-082F6A2D9C35}.Release|x64.Build.0 = Release|x64
		{19088CB8-501D-4E25-918B-082F6A2D9C35}.Release|x86.ActiveCfg = Release|Win32
		{19088CB8-501D-4E25-918B-082F6A2D9C35}.Release|x86.Build.0 = Release|Win32
		{9671F97D-F27A-4995-96DB-657325211EE6}.Debug|x64.ActiveCfg = Debug|x64
		{9671F97D-F27A-4995-96DB-657325211EE6}.Debug|x64.Build.0 = Debug|x64
		{9671F97D-F27A-4995-96DB-657325211EE6}.Debug|x86.ActiveCfg = Debug|Win32
		{9671F97D-F27A-4995-96DB-657325211EE6}.Debug|x86.Build.0 = Debug|Win32
		{9671F97D-F27A-4995-96DB-657325211EE6}.Release|x64.ActiveCfg = Release|x64
		{9671F97D-F27A-4995-96DB-657325211EE6}.Release|x64.Build.0 = Release|x64
		{9671F97D-F27A-4995-96DB-657325211EE6}.Release|x86.ActiveCfg = Release|Win32
		{9671F97D-F27A-4995-96DB-657325211EE6}.Release|x86.Build.0 = Release|Win32
		{1DB2425A-05E0-4C0F-AAC2-A3E30C0F9550}.Debug|x64.ActiveCfg = Debug|x64
		{1DB2425A-05E0-4C0F-AAC2-A3E30C0F9550}.Debug|x64.Build.0 = Debug|x64
		{1DB2425A-05E0-4C0F-AAC2-A3E30C0F9550}.Debug|x86.ActiveCfg = Debug|Win32
		{1DB2425A-05E0-4C0F-AAC2-A3E30C0F9550}.Debug|x86.Build.0 = Debug|Win32
		{1DB2425A-05E0-4C0F-AAC2-A3E30C0F9550}.Release|x64.ActiveCfg = Release|x64
		{1DB2425A-05E0-4C0F-AAC2-A3E30C0F9550}.Release|x64.Build.0 = Release|x64
		{1DB2425A-05E0-4C0F-AAC2-A3E30C0F9550}.Release|x86.ActiveCfg = Release|Win32
		{1DB2425A-05E0-4C0F-AAC2-A3E30C0F9550}.Release|x86.Build.0 = Release|Win32
		{1F0AD684-3349-4E40-BAE7-9956BD360D31}.Debug|x64.ActiveCfg = Debug|x64
		{1F0AD684-3349-4E40-BAE7-9956BD360D31}.Debug|x64.Build.0 = Debug|x64
		{1F0AD684-3349-4E40-BAE7-9956BD360D31}.Debug|x86.ActiveCfg = Debug|Win32
		{1F0AD684-3349-4E40-BAE7-9956BD360D31}.Debug|x86.Build.0 = Debug|Win32
		{1F0AD684-3349-4E40-BAE7-9956BD360D31}.Release|x64.ActiveCfg = Release|x64
		{1F0AD684-3349-4E40-BAE7-9956BD360D31}.Release|x64.Build.0 = Release|x64
		{1F0AD684-3349-4E40-BAE7-9956BD360D31}.Release|x86.ActiveCfg = Release|Win32
		{1F0AD684-3349-4E40-BAE7-9956BD360D31}.Release|x86.Build.0 = Release|Win32
		{2D409F48-5769-44D8-929E-82A943715F19}.Debug|x64.ActiveCfg = Debug|x64
		{2D409F48-5769-44D8-929E-82A943715F19}.Debug|x64.Build.0 = Debug|x64
		{2D409F48-5769-44D8-929E-82A943715F19}.Debug|x86.ActiveCfg = Debug|Win32
		{2D409F48-5769-44D8-929E-82A943715F19}.Debug|x86.Build.0 = Debug|Win32
		{2D409F48-5769-44D8-929E-82A943715F19}.Release|x64.ActiveCfg = Release|x64
		{2D409F48-5769-44D8-929E-82A943715F19}.Release|x64.Build.0 = Release|x64
		{2D409F48-5769-44D8-929E-82A943715F19}.Release|x86.ActiveCfg = Release|Win32
		{2D409F48-5769-44D8-929E-82A943715F19}.Release|x86.Build.0 = Release|Win32
		{90EEF2C5-81D1-4586-A01D-EE1ABA20EA7F}.Debug|x64.ActiveCfg = Debug|x64
		{90EEF2C5-81D1-4586-A01D-EE1ABA20EA7F}.Debug|x64.Build.0 = Debug|x64
		{90EEF2C5-81D1-4586-A01D-EE1ABA20EA7F}.Debug|x86.ActiveCfg = Debug|Win32
		{90EEF2C5-81D1-4586-A01D-EE1ABA20EA7F}.Debug|x86.Build.0 = Debug|Win32
		{90EEF2C5-81D1-4586-A01D-EE1ABA20EA7F}.Release|x64.ActiveCfg = Release|x64
		{90EEF2C5-81D1-4586-A01D-EE1ABA20EA7F}.Release|x64.Build.0 = Release|x64
		{90EEF2C5-81D1-4586-A01D-EE1ABA20EA7F}.Release|x86.ActiveCfg = Release|Win32
		{90EEF2C5-81D1-4586-A01D-EE1ABA20EA7F}.Release|x86.Build.0 = Release|Win32
		{C8AE312D-190B-447D-832E-3FFAD9A980B2}.Debug|x64.ActiveCfg = Debug|x64
		{C8AE312D-190B-447D-832E-3FFAD9A980B2}.Debug|x64.Build.0 = Debug|x64
		{C8AE312D-190B-447D-832E-3FFAD9A980B2}.Debug|x86.ActiveCfg = Debug|Win32
		{C8AE312D-190B-447D-832E-3FFAD9A980B2}.Debug|x86.Build.0 = Debug|Win32
		{C8AE312D-190B-447D-832E-3FFAD9A980B2}.Release|x64.ActiveCfg = Release|x64
		{C8AE312D-190B-447D-832E-3FFAD9A980B2}.Release|x64.Build.0 = Release|x64
		{C8AE312D-190B-447D-832E-3FFAD9A980B2}.Release|x86.ActiveCfg = Release|Win32
		{C8AE312D-190B-447D-832E-3FFAD9A980B2}.Release|x86.Build.0 = Release|Win32
		{6671AE68-CFE7-4213-AB63-7814D66963BE}.Debug|x64.ActiveCfg = Debug|x64
		{6671AE68-CFE7-4213-AB63-7814D66963BE}.Debug|x64.Build.0 = Debug|x64
		{6671AE68-CFE7-4213-AB63-7814D66963BE}.Debug|x86.ActiveCfg = Debug|Win32
		{6671AE68-CFE7-4213-AB63-7814D66963BE}.Debug|x86.Build.0 = Debug|Win32
		{6671AE68-CFE7-4213-AB63-7814D66963BE}.Release|x64.ActiveCfg = Release|x64
		{6671AE68-CFE7-4213-AB63-7814D66963BE}.Release|x64.Build.0 = Release|x64
		{6671AE68-CFE7-4213-AB63-7814D66963BE}.Release|x86.ActiveCfg = Release|Win32
		{6671AE68-CFE7-4213-AB63-7814D66963BE}.Release|x86.Build.0 = Release|Win32
	EndGlobalSection
	GlobalSection(SolutionProperties) = preSolution
		HideSolutionNode = FALSE
	EndGlobalSection
	GlobalSection(ExtensibilityGlobals) = postSolution
		SolutionGuid = {3F70A1B8-0973-466E-9A67-ADB932BBEA45}
	EndGlobalSection
EndGlobal
